// !$*UTF8*$!
{
	archiveVersion = 1;
	classes = {
	};
	objectVersion = 55;
	objects = {

/* Begin PBXBuildFile section */
		A2B3AE15355A0A21F56409C7 /* Pods_ToDoApp_v2.framework in Frameworks */ = {isa = PBXBuildFile; fileRef = A1116C35E35E4CB79AF324FB /* Pods_ToDoApp_v2.framework */; };
		B42E330928B485C500D4129B /* TextFieldExtension.swift in Sources */ = {isa = PBXBuildFile; fileRef = B42E330828B485C500D4129B /* TextFieldExtension.swift */; };
		B4A84C8128B103830041AAF6 /* AppDelegate.swift in Sources */ = {isa = PBXBuildFile; fileRef = B4A84C8028B103830041AAF6 /* AppDelegate.swift */; };
		B4A84C8A28B103850041AAF6 /* Assets.xcassets in Resources */ = {isa = PBXBuildFile; fileRef = B4A84C8928B103850041AAF6 /* Assets.xcassets */; };
		B4A84C8D28B103850041AAF6 /* LaunchScreen.storyboard in Resources */ = {isa = PBXBuildFile; fileRef = B4A84C8B28B103850041AAF6 /* LaunchScreen.storyboard */; };
		B4A84C9528B106210041AAF6 /* MainViewController.swift in Sources */ = {isa = PBXBuildFile; fileRef = B4A84C9428B106210041AAF6 /* MainViewController.swift */; };
		B4A84C9A28B116410041AAF6 /* TaskTableViewCell.swift in Sources */ = {isa = PBXBuildFile; fileRef = B4A84C9928B116410041AAF6 /* TaskTableViewCell.swift */; };
/* End PBXBuildFile section */

/* Begin PBXFileReference section */
		06FE8796FBC32840FD3BB298 /* Pods-ToDoApp_v2.release.xcconfig */ = {isa = PBXFileReference; includeInIndex = 1; lastKnownFileType = text.xcconfig; name = "Pods-ToDoApp_v2.release.xcconfig"; path = "Target Support Files/Pods-ToDoApp_v2/Pods-ToDoApp_v2.release.xcconfig"; sourceTree = "<group>"; };
		A1116C35E35E4CB79AF324FB /* Pods_ToDoApp_v2.framework */ = {isa = PBXFileReference; explicitFileType = wrapper.framework; includeInIndex = 0; path = Pods_ToDoApp_v2.framework; sourceTree = BUILT_PRODUCTS_DIR; };
		B42E330828B485C500D4129B /* TextFieldExtension.swift */ = {isa = PBXFileReference; lastKnownFileType = sourcecode.swift; path = TextFieldExtension.swift; sourceTree = "<group>"; };
		B4A84C7D28B103830041AAF6 /* ToDoApp_v2.app */ = {isa = PBXFileReference; explicitFileType = wrapper.application; includeInIndex = 0; path = ToDoApp_v2.app; sourceTree = BUILT_PRODUCTS_DIR; };
		B4A84C8028B103830041AAF6 /* AppDelegate.swift */ = {isa = PBXFileReference; lastKnownFileType = sourcecode.swift; path = AppDelegate.swift; sourceTree = "<group>"; };
		B4A84C8928B103850041AAF6 /* Assets.xcassets */ = {isa = PBXFileReference; lastKnownFileType = folder.assetcatalog; path = Assets.xcassets; sourceTree = "<group>"; };
		B4A84C8C28B103850041AAF6 /* Base */ = {isa = PBXFileReference; lastKnownFileType = file.storyboard; name = Base; path = Base.lproj/LaunchScreen.storyboard; sourceTree = "<group>"; };
		B4A84C8E28B103850041AAF6 /* Info.plist */ = {isa = PBXFileReference; lastKnownFileType = text.plist.xml; path = Info.plist; sourceTree = "<group>"; };
		B4A84C9428B106210041AAF6 /* MainViewController.swift */ = {isa = PBXFileReference; lastKnownFileType = sourcecode.swift; path = MainViewController.swift; sourceTree = "<group>"; };
		B4A84C9928B116410041AAF6 /* TaskTableViewCell.swift */ = {isa = PBXFileReference; lastKnownFileType = sourcecode.swift; path = TaskTableViewCell.swift; sourceTree = "<group>"; };
		D4F4EC16FF44A5932516103D /* Pods-ToDoApp_v2.debug.xcconfig */ = {isa = PBXFileReference; includeInIndex = 1; lastKnownFileType = text.xcconfig; name = "Pods-ToDoApp_v2.debug.xcconfig"; path = "Target Support Files/Pods-ToDoApp_v2/Pods-ToDoApp_v2.debug.xcconfig"; sourceTree = "<group>"; };
/* End PBXFileReference section */

/* Begin PBXFrameworksBuildPhase section */
		B4A84C7A28B103830041AAF6 /* Frameworks */ = {
			isa = PBXFrameworksBuildPhase;
			buildActionMask = 2147483647;
			files = (
				A2B3AE15355A0A21F56409C7 /* Pods_ToDoApp_v2.framework in Frameworks */,
			);
			runOnlyForDeploymentPostprocessing = 0;
		};
/* End PBXFrameworksBuildPhase section */

/* Begin PBXGroup section */
		4244F6B31156A7E9FC90D690 /* Pods */ = {
			isa = PBXGroup;
			children = (
				D4F4EC16FF44A5932516103D /* Pods-ToDoApp_v2.debug.xcconfig */,
				06FE8796FBC32840FD3BB298 /* Pods-ToDoApp_v2.release.xcconfig */,
			);
			path = Pods;
			sourceTree = "<group>";
		};
		B42E330728B485A500D4129B /* Extension */ = {
			isa = PBXGroup;
			children = (
				B42E330828B485C500D4129B /* TextFieldExtension.swift */,
			);
			path = Extension;
			sourceTree = "<group>";
		};
		B4A84C7428B103830041AAF6 = {
			isa = PBXGroup;
			children = (
				B4A84C7F28B103830041AAF6 /* ToDoApp_v2 */,
				B4A84C7E28B103830041AAF6 /* Products */,
				4244F6B31156A7E9FC90D690 /* Pods */,
				E81F244B064A913AC18FA308 /* Frameworks */,
			);
			sourceTree = "<group>";
		};
		B4A84C7E28B103830041AAF6 /* Products */ = {
			isa = PBXGroup;
			children = (
				B4A84C7D28B103830041AAF6 /* ToDoApp_v2.app */,
			);
			name = Products;
			sourceTree = "<group>";
		};
		B4A84C7F28B103830041AAF6 /* ToDoApp_v2 */ = {
			isa = PBXGroup;
			children = (
				B42E330728B485A500D4129B /* Extension */,
				B4A84C9828B1079B0041AAF6 /* Utils */,
				B4A84C9728B107760041AAF6 /* Resources */,
				B4A84C9628B1075F0041AAF6 /* Modules */,
				B4A84C8E28B103850041AAF6 /* Info.plist */,
			);
			path = ToDoApp_v2;
			sourceTree = "<group>";
		};
		B4A84C9628B1075F0041AAF6 /* Modules */ = {
			isa = PBXGroup;
			children = (
				B4A84C9428B106210041AAF6 /* MainViewController.swift */,
				B4A84C9928B116410041AAF6 /* TaskTableViewCell.swift */,
			);
			path = Modules;
			sourceTree = "<group>";
		};
		B4A84C9728B107760041AAF6 /* Resources */ = {
			isa = PBXGroup;
			children = (
				B4A84C8928B103850041AAF6 /* Assets.xcassets */,
				B4A84C8B28B103850041AAF6 /* LaunchScreen.storyboard */,
			);
			path = Resources;
			sourceTree = "<group>";
		};
		B4A84C9828B1079B0041AAF6 /* Utils */ = {
			isa = PBXGroup;
			children = (
				B4A84C8028B103830041AAF6 /* AppDelegate.swift */,
			);
			path = Utils;
			sourceTree = "<group>";
		};
		E81F244B064A913AC18FA308 /* Frameworks */ = {
			isa = PBXGroup;
			children = (
				A1116C35E35E4CB79AF324FB /* Pods_ToDoApp_v2.framework */,
			);
			name = Frameworks;
			sourceTree = "<group>";
		};
/* End PBXGroup section */

/* Begin PBXNativeTarget section */
		B4A84C7C28B103830041AAF6 /* ToDoApp_v2 */ = {
			isa = PBXNativeTarget;
			buildConfigurationList = B4A84C9128B103850041AAF6 /* Build configuration list for PBXNativeTarget "ToDoApp_v2" */;
			buildPhases = (
				AE77230DE2DC69615E22F992 /* [CP] Check Pods Manifest.lock */,
				B4A84C7928B103830041AAF6 /* Sources */,
				B4A84C7A28B103830041AAF6 /* Frameworks */,
				B4A84C7B28B103830041AAF6 /* Resources */,
				E91B0B7C7A691DEF6CC208D0 /* [CP] Embed Pods Frameworks */,
			);
			buildRules = (
			);
			dependencies = (
			);
			name = ToDoApp_v2;
			productName = ToDoApp_v2;
			productReference = B4A84C7D28B103830041AAF6 /* ToDoApp_v2.app */;
			productType = "com.apple.product-type.application";
		};
/* End PBXNativeTarget section */

/* Begin PBXProject section */
		B4A84C7528B103830041AAF6 /* Project object */ = {
			isa = PBXProject;
			attributes = {
				BuildIndependentTargetsInParallel = 1;
				LastSwiftUpdateCheck = 1340;
				LastUpgradeCheck = 1340;
				TargetAttributes = {
					B4A84C7C28B103830041AAF6 = {
						CreatedOnToolsVersion = 13.4.1;
					};
				};
			};
			buildConfigurationList = B4A84C7828B103830041AAF6 /* Build configuration list for PBXProject "ToDoApp_v2" */;
			compatibilityVersion = "Xcode 13.0";
			developmentRegion = en;
			hasScannedForEncodings = 0;
			knownRegions = (
				en,
				Base,
			);
			mainGroup = B4A84C7428B103830041AAF6;
			productRefGroup = B4A84C7E28B103830041AAF6 /* Products */;
			projectDirPath = "";
			projectRoot = "";
			targets = (
				B4A84C7C28B103830041AAF6 /* ToDoApp_v2 */,
			);
		};
/* End PBXProject section */

/* Begin PBXResourcesBuildPhase section */
		B4A84C7B28B103830041AAF6 /* Resources */ = {
			isa = PBXResourcesBuildPhase;
			buildActionMask = 2147483647;
			files = (
				B4A84C8D28B103850041AAF6 /* LaunchScreen.storyboard in Resources */,
				B4A84C8A28B103850041AAF6 /* Assets.xcassets in Resources */,
			);
			runOnlyForDeploymentPostprocessing = 0;
		};
/* End PBXResourcesBuildPhase section */

/* Begin PBXShellScriptBuildPhase section */
		AE77230DE2DC69615E22F992 /* [CP] Check Pods Manifest.lock */ = {
			isa = PBXShellScriptBuildPhase;
			buildActionMask = 2147483647;
			files = (
			);
			inputFileListPaths = (
			);
			inputPaths = (
				"${PODS_PODFILE_DIR_PATH}/Podfile.lock",
				"${PODS_ROOT}/Manifest.lock",
			);
			name = "[CP] Check Pods Manifest.lock";
			outputFileListPaths = (
			);
			outputPaths = (
				"$(DERIVED_FILE_DIR)/Pods-ToDoApp_v2-checkManifestLockResult.txt",
			);
			runOnlyForDeploymentPostprocessing = 0;
			shellPath = /bin/sh;
			shellScript = "diff \"${PODS_PODFILE_DIR_PATH}/Podfile.lock\" \"${PODS_ROOT}/Manifest.lock\" > /dev/null\nif [ $? != 0 ] ; then\n    # print error to STDERR\n    echo \"error: The sandbox is not in sync with the Podfile.lock. Run 'pod install' or update your CocoaPods installation.\" >&2\n    exit 1\nfi\n# This output is used by Xcode 'outputs' to avoid re-running this script phase.\necho \"SUCCESS\" > \"${SCRIPT_OUTPUT_FILE_0}\"\n";
			showEnvVarsInLog = 0;
		};
		E91B0B7C7A691DEF6CC208D0 /* [CP] Embed Pods Frameworks */ = {
			isa = PBXShellScriptBuildPhase;
			buildActionMask = 2147483647;
			files = (
			);
			inputFileListPaths = (
				"${PODS_ROOT}/Target Support Files/Pods-ToDoApp_v2/Pods-ToDoApp_v2-frameworks-${CONFIGURATION}-input-files.xcfilelist",
			);
			name = "[CP] Embed Pods Frameworks";
			outputFileListPaths = (
				"${PODS_ROOT}/Target Support Files/Pods-ToDoApp_v2/Pods-ToDoApp_v2-frameworks-${CONFIGURATION}-output-files.xcfilelist",
			);
			runOnlyForDeploymentPostprocessing = 0;
			shellPath = /bin/sh;
			shellScript = "\"${PODS_ROOT}/Target Support Files/Pods-ToDoApp_v2/Pods-ToDoApp_v2-frameworks.sh\"\n";
			showEnvVarsInLog = 0;
		};
/* End PBXShellScriptBuildPhase section */

/* Begin PBXSourcesBuildPhase section */
		B4A84C7928B103830041AAF6 /* Sources */ = {
			isa = PBXSourcesBuildPhase;
			buildActionMask = 2147483647;
			files = (
				B4A84C8128B103830041AAF6 /* AppDelegate.swift in Sources */,
				B42E330928B485C500D4129B /* TextFieldExtension.swift in Sources */,
				B4A84C9528B106210041AAF6 /* MainViewController.swift in Sources */,
				B4A84C9A28B116410041AAF6 /* TaskTableViewCell.swift in Sources */,
			);
			runOnlyForDeploymentPostprocessing = 0;
		};
/* End PBXSourcesBuildPhase section */

/* Begin PBXVariantGroup section */
		B4A84C8B28B103850041AAF6 /* LaunchScreen.storyboard */ = {
			isa = PBXVariantGroup;
			children = (
				B4A84C8C28B103850041AAF6 /* Base */,
			);
			name = LaunchScreen.storyboard;
			sourceTree = "<group>";
		};
/* End PBXVariantGroup section */

/* Begin XCBuildConfiguration section */
		B4A84C8F28B103850041AAF6 /* Debug */ = {
			isa = XCBuildConfiguration;
			buildSettings = {
				ALWAYS_SEARCH_USER_PATHS = NO;
				CLANG_ANALYZER_NONNULL = YES;
				CLANG_ANALYZER_NUMBER_OBJECT_CONVERSION = YES_AGGRESSIVE;
				CLANG_CXX_LANGUAGE_STANDARD = "gnu++17";
				CLANG_ENABLE_MODULES = YES;
				CLANG_ENABLE_OBJC_ARC = YES;
				CLANG_ENABLE_OBJC_WEAK = YES;
				CLANG_WARN_BLOCK_CAPTURE_AUTORELEASING = YES;
				CLANG_WARN_BOOL_CONVERSION = YES;
				CLANG_WARN_COMMA = YES;
				CLANG_WARN_CONSTANT_CONVERSION = YES;
				CLANG_WARN_DEPRECATED_OBJC_IMPLEMENTATIONS = YES;
				CLANG_WARN_DIRECT_OBJC_ISA_USAGE = YES_ERROR;
				CLANG_WARN_DOCUMENTATION_COMMENTS = YES;
				CLANG_WARN_EMPTY_BODY = YES;
				CLANG_WARN_ENUM_CONVERSION = YES;
				CLANG_WARN_INFINITE_RECURSION = YES;
				CLANG_WARN_INT_CONVERSION = YES;
				CLANG_WARN_NON_LITERAL_NULL_CONVERSION = YES;
				CLANG_WARN_OBJC_IMPLICIT_RETAIN_SELF = YES;
				CLANG_WARN_OBJC_LITERAL_CONVERSION = YES;
				CLANG_WARN_OBJC_ROOT_CLASS = YES_ERROR;
				CLANG_WARN_QUOTED_INCLUDE_IN_FRAMEWORK_HEADER = YES;
				CLANG_WARN_RANGE_LOOP_ANALYSIS = YES;
				CLANG_WARN_STRICT_PROTOTYPES = YES;
				CLANG_WARN_SUSPICIOUS_MOVE = YES;
				CLANG_WARN_UNGUARDED_AVAILABILITY = YES_AGGRESSIVE;
				CLANG_WARN_UNREACHABLE_CODE = YES;
				CLANG_WARN__DUPLICATE_METHOD_MATCH = YES;
				COPY_PHASE_STRIP = NO;
				DEBUG_INFORMATION_FORMAT = dwarf;
				ENABLE_STRICT_OBJC_MSGSEND = YES;
				ENABLE_TESTABILITY = YES;
				GCC_C_LANGUAGE_STANDARD = gnu11;
				GCC_DYNAMIC_NO_PIC = NO;
				GCC_NO_COMMON_BLOCKS = YES;
				GCC_OPTIMIZATION_LEVEL = 0;
				GCC_PREPROCESSOR_DEFINITIONS = (
					"DEBUG=1",
					"$(inherited)",
				);
				GCC_WARN_64_TO_32_BIT_CONVERSION = YES;
				GCC_WARN_ABOUT_RETURN_TYPE = YES_ERROR;
				GCC_WARN_UNDECLARED_SELECTOR = YES;
				GCC_WARN_UNINITIALIZED_AUTOS = YES_AGGRESSIVE;
				GCC_WARN_UNUSED_FUNCTION = YES;
				GCC_WARN_UNUSED_VARIABLE = YES;
				IPHONEOS_DEPLOYMENT_TARGET = 13.0;
				MTL_ENABLE_DEBUG_INFO = INCLUDE_SOURCE;
				MTL_FAST_MATH = YES;
				ONLY_ACTIVE_ARCH = YES;
				SDKROOT = iphoneos;
				SWIFT_ACTIVE_COMPILATION_CONDITIONS = DEBUG;
				SWIFT_OPTIMIZATION_LEVEL = "-Onone";
			};
			name = Debug;
		};
		B4A84C9028B103850041AAF6 /* Release */ = {
			isa = XCBuildConfiguration;
			buildSettings = {
				ALWAYS_SEARCH_USER_PATHS = NO;
				CLANG_ANALYZER_NONNULL = YES;
				CLANG_ANALYZER_NUMBER_OBJECT_CONVERSION = YES_AGGRESSIVE;
				CLANG_CXX_LANGUAGE_STANDARD = "gnu++17";
				CLANG_ENABLE_MODULES = YES;
				CLANG_ENABLE_OBJC_ARC = YES;
				CLANG_ENABLE_OBJC_WEAK = YES;
				CLANG_WARN_BLOCK_CAPTURE_AUTORELEASING = YES;
				CLANG_WARN_BOOL_CONVERSION = YES;
				CLANG_WARN_COMMA = YES;
				CLANG_WARN_CONSTANT_CONVERSION = YES;
				CLANG_WARN_DEPRECATED_OBJC_IMPLEMENTATIONS = YES;
				CLANG_WARN_DIRECT_OBJC_ISA_USAGE = YES_ERROR;
				CLANG_WARN_DOCUMENTATION_COMMENTS = YES;
				CLANG_WARN_EMPTY_BODY = YES;
				CLANG_WARN_ENUM_CONVERSION = YES;
				CLANG_WARN_INFINITE_RECURSION = YES;
				CLANG_WARN_INT_CONVERSION = YES;
				CLANG_WARN_NON_LITERAL_NULL_CONVERSION = YES;
				CLANG_WARN_OBJC_IMPLICIT_RETAIN_SELF = YES;
				CLANG_WARN_OBJC_LITERAL_CONVERSION = YES;
				CLANG_WARN_OBJC_ROOT_CLASS = YES_ERROR;
				CLANG_WARN_QUOTED_INCLUDE_IN_FRAMEWORK_HEADER = YES;
				CLANG_WARN_RANGE_LOOP_ANALYSIS = YES;
				CLANG_WARN_STRICT_PROTOTYPES = YES;
				CLANG_WARN_SUSPICIOUS_MOVE = YES;
				CLANG_WARN_UNGUARDED_AVAILABILITY = YES_AGGRESSIVE;
				CLANG_WARN_UNREACHABLE_CODE = YES;
				CLANG_WARN__DUPLICATE_METHOD_MATCH = YES;
				COPY_PHASE_STRIP = NO;
				DEBUG_INFORMATION_FORMAT = "dwarf-with-dsym";
				ENABLE_NS_ASSERTIONS = NO;
				ENABLE_STRICT_OBJC_MSGSEND = YES;
				GCC_C_LANGUAGE_STANDARD = gnu11;
				GCC_NO_COMMON_BLOCKS = YES;
				GCC_WARN_64_TO_32_BIT_CONVERSION = YES;
				GCC_WARN_ABOUT_RETURN_TYPE = YES_ERROR;
				GCC_WARN_UNDECLARED_SELECTOR = YES;
				GCC_WARN_UNINITIALIZED_AUTOS = YES_AGGRESSIVE;
				GCC_WARN_UNUSED_FUNCTION = YES;
				GCC_WARN_UNUSED_VARIABLE = YES;
				IPHONEOS_DEPLOYMENT_TARGET = 13.0;
				MTL_ENABLE_DEBUG_INFO = NO;
				MTL_FAST_MATH = YES;
				SDKROOT = iphoneos;
				SWIFT_COMPILATION_MODE = wholemodule;
				SWIFT_OPTIMIZATION_LEVEL = "-O";
				VALIDATE_PRODUCT = YES;
			};
			name = Release;
		};
		B4A84C9228B103850041AAF6 /* Debug */ = {
			isa = XCBuildConfiguration;
			baseConfigurationReference = D4F4EC16FF44A5932516103D /* Pods-ToDoApp_v2.debug.xcconfig */;
			buildSettings = {
				ASSETCATALOG_COMPILER_APPICON_NAME = AppIcon;
				ASSETCATALOG_COMPILER_GLOBAL_ACCENT_COLOR_NAME = AccentColor;
				CODE_SIGN_STYLE = Automatic;
				CURRENT_PROJECT_VERSION = 1;
				GENERATE_INFOPLIST_FILE = YES;
				INFOPLIST_FILE = ToDoApp_v2/Info.plist;
				INFOPLIST_KEY_UIApplicationSupportsIndirectInputEvents = YES;
				INFOPLIST_KEY_UILaunchStoryboardName = LaunchScreen;
				INFOPLIST_KEY_UISupportedInterfaceOrientations = UIInterfaceOrientationPortrait;
				INFOPLIST_KEY_UISupportedInterfaceOrientations_iPad = "UIInterfaceOrientationPortrait UIInterfaceOrientationPortraitUpsideDown UIInterfaceOrientationLandscapeLeft UIInterfaceOrientationLandscapeRight";
				INFOPLIST_KEY_UISupportedInterfaceOrientations_iPhone = "UIInterfaceOrientationPortrait UIInterfaceOrientationLandscapeLeft UIInterfaceOrientationLandscapeRight";
				IPHONEOS_DEPLOYMENT_TARGET = 13.0;
				LD_RUNPATH_SEARCH_PATHS = (
					"$(inherited)",
					"@executable_path/Frameworks",
				);
				MARKETING_VERSION = 1.0;
				PRODUCT_BUNDLE_IDENTIFIER = "neobis.ToDoApp-v2";
				PRODUCT_NAME = "$(TARGET_NAME)";
				SWIFT_EMIT_LOC_STRINGS = YES;
				SWIFT_VERSION = 5.0;
				TARGETED_DEVICE_FAMILY = 1;
			};
			name = Debug;
		};
		B4A84C9328B103850041AAF6 /* Release */ = {
			isa = XCBuildConfiguration;
			baseConfigurationReference = 06FE8796FBC32840FD3BB298 /* Pods-ToDoApp_v2.release.xcconfig */;
			buildSettings = {
				ASSETCATALOG_COMPILER_APPICON_NAME = AppIcon;
				ASSETCATALOG_COMPILER_GLOBAL_ACCENT_COLOR_NAME = AccentColor;
				CODE_SIGN_STYLE = Automatic;
				CURRENT_PROJECT_VERSION = 1;
				GENERATE_INFOPLIST_FILE = YES;
				INFOPLIST_FILE = ToDoApp_v2/Info.plist;
				INFOPLIST_KEY_UIApplicationSupportsIndirectInputEvents = YES;
				INFOPLIST_KEY_UILaunchStoryboardName = LaunchScreen;
				INFOPLIST_KEY_UISupportedInterfaceOrientations = UIInterfaceOrientationPortrait;
				INFOPLIST_KEY_UISupportedInterfaceOrientations_iPad = "UIInterfaceOrientationPortrait UIInterfaceOrientationPortraitUpsideDown UIInterfaceOrientationLandscapeLeft UIInterfaceOrientationLandscapeRight";
				INFOPLIST_KEY_UISupportedInterfaceOrientations_iPhone = "UIInterfaceOrientationPortrait UIInterfaceOrientationLandscapeLeft UIInterfaceOrientationLandscapeRight";
				IPHONEOS_DEPLOYMENT_TARGET = 13.0;
				LD_RUNPATH_SEARCH_PATHS = (
					"$(inherited)",
					"@executable_path/Frameworks",
				);
				MARKETING_VERSION = 1.0;
				PRODUCT_BUNDLE_IDENTIFIER = "neobis.ToDoApp-v2";
				PRODUCT_NAME = "$(TARGET_NAME)";
				SWIFT_EMIT_LOC_STRINGS = YES;
				SWIFT_VERSION = 5.0;
				TARGETED_DEVICE_FAMILY = 1;
			};
			name = Release;
		};
/* End XCBuildConfiguration section */

/* Begin XCConfigurationList section */
		B4A84C7828B103830041AAF6 /* Build configuration list for PBXProject "ToDoApp_v2" */ = {
			isa = XCConfigurationList;
			buildConfigurations = (
				B4A84C8F28B103850041AAF6 /* Debug */,
				B4A84C9028B103850041AAF6 /* Release */,
			);
			defaultConfigurationIsVisible = 0;
			defaultConfigurationName = Release;
		};
		B4A84C9128B103850041AAF6 /* Build configuration list for PBXNativeTarget "ToDoApp_v2" */ = {
			isa = XCConfigurationList;
			buildConfigurations = (
				B4A84C9228B103850041AAF6 /* Debug */,
				B4A84C9328B103850041AAF6 /* Release */,
			);
			defaultConfigurationIsVisible = 0;
			defaultConfigurationName = Release;
		};
/* End XCConfigurationList section */
	};
	rootObject = B4A84C7528B103830041AAF6 /* Project object */;
}
